// !$*UTF8*$!
{
	archiveVersion = 1;
	classes = {
	};
	objectVersion = 56;
	objects = {

/* Begin PBXBuildFile section */
		1F7FBD3B2C0A7AA100D55941 /* AppDelegate.swift in Sources */ = {isa = PBXBuildFile; fileRef = 1F7FBD3A2C0A7AA100D55941 /* AppDelegate.swift */; };
		1F7FBD3D2C0A7AA100D55941 /* SceneDelegate.swift in Sources */ = {isa = PBXBuildFile; fileRef = 1F7FBD3C2C0A7AA100D55941 /* SceneDelegate.swift */; };
		1F7FBD3F2C0A7AA100D55941 /* ViewController.swift in Sources */ = {isa = PBXBuildFile; fileRef = 1F7FBD3E2C0A7AA100D55941 /* ViewController.swift */; };
		1F7FBD422C0A7AA100D55941 /* Base in Resources */ = {isa = PBXBuildFile; fileRef = 1F7FBD412C0A7AA100D55941 /* Base */; };
		1F7FBD442C0A7AA300D55941 /* Assets.xcassets in Resources */ = {isa = PBXBuildFile; fileRef = 1F7FBD432C0A7AA300D55941 /* Assets.xcassets */; };
		1F7FBD472C0A7AA300D55941 /* Base in Resources */ = {isa = PBXBuildFile; fileRef = 1F7FBD462C0A7AA300D55941 /* Base */; };
		1F7FBD522C0A7AA300D55941 /* TicTacToe_projTests.swift in Sources */ = {isa = PBXBuildFile; fileRef = 1F7FBD512C0A7AA300D55941 /* TicTacToe_projTests.swift */; };
		1F7FBD5C2C0A7AA300D55941 /* TicTacToe_projUITests.swift in Sources */ = {isa = PBXBuildFile; fileRef = 1F7FBD5B2C0A7AA300D55941 /* TicTacToe_projUITests.swift */; };
		1F7FBD5E2C0A7AA300D55941 /* TicTacToe_projUITestsLaunchTests.swift in Sources */ = {isa = PBXBuildFile; fileRef = 1F7FBD5D2C0A7AA300D55941 /* TicTacToe_projUITestsLaunchTests.swift */; };
/* End PBXBuildFile section */

/* Begin PBXContainerItemProxy section */
		1F7FBD4E2C0A7AA300D55941 /* PBXContainerItemProxy */ = {
			isa = PBXContainerItemProxy;
			containerPortal = 1F7FBD2F2C0A7AA100D55941 /* Project object */;
			proxyType = 1;
			remoteGlobalIDString = 1F7FBD362C0A7AA100D55941;
			remoteInfo = "TicTacToe proj";
		};
		1F7FBD582C0A7AA300D55941 /* PBXContainerItemProxy */ = {
			isa = PBXContainerItemProxy;
			containerPortal = 1F7FBD2F2C0A7AA100D55941 /* Project object */;
			proxyType = 1;
			remoteGlobalIDString = 1F7FBD362C0A7AA100D55941;
			remoteInfo = "TicTacToe proj";
		};
/* End PBXContainerItemProxy section */

/* Begin PBXFileReference section */
		1F7FBD372C0A7AA100D55941 /* TicTacToe proj.app */ = {isa = PBXFileReference; explicitFileType = wrapper.application; includeInIndex = 0; path = "TicTacToe proj.app"; sourceTree = BUILT_PRODUCTS_DIR; };
		1F7FBD3A2C0A7AA100D55941 /* AppDelegate.swift */ = {isa = PBXFileReference; lastKnownFileType = sourcecode.swift; path = AppDelegate.swift; sourceTree = "<group>"; };
		1F7FBD3C2C0A7AA100D55941 /* SceneDelegate.swift */ = {isa = PBXFileReference; lastKnownFileType = sourcecode.swift; path = SceneDelegate.swift; sourceTree = "<group>"; };
		1F7FBD3E2C0A7AA100D55941 /* ViewController.swift */ = {isa = PBXFileReference; lastKnownFileType = sourcecode.swift; path = ViewController.swift; sourceTree = "<group>"; };
		1F7FBD412C0A7AA100D55941 /* Base */ = {isa = PBXFileReference; lastKnownFileType = file.storyboard; name = Base; path = Base.lproj/Main.storyboard; sourceTree = "<group>"; };
		1F7FBD432C0A7AA300D55941 /* Assets.xcassets */ = {isa = PBXFileReference; lastKnownFileType = folder.assetcatalog; path = Assets.xcassets; sourceTree = "<group>"; };
		1F7FBD462C0A7AA300D55941 /* Base */ = {isa = PBXFileReference; lastKnownFileType = file.storyboard; name = Base; path = Base.lproj/LaunchScreen.storyboard; sourceTree = "<group>"; };
		1F7FBD482C0A7AA300D55941 /* Info.plist */ = {isa = PBXFileReference; lastKnownFileType = text.plist.xml; path = Info.plist; sourceTree = "<group>"; };
		1F7FBD4D2C0A7AA300D55941 /* TicTacToe projTests.xctest */ = {isa = PBXFileReference; explicitFileType = wrapper.cfbundle; includeInIndex = 0; path = "TicTacToe projTests.xctest"; sourceTree = BUILT_PRODUCTS_DIR; };
		1F7FBD512C0A7AA300D55941 /* TicTacToe_projTests.swift */ = {isa = PBXFileReference; lastKnownFileType = sourcecode.swift; path = TicTacToe_projTests.swift; sourceTree = "<group>"; };
		1F7FBD572C0A7AA300D55941 /* TicTacToe projUITests.xctest */ = {isa = PBXFileReference; explicitFileType = wrapper.cfbundle; includeInIndex = 0; path = "TicTacToe projUITests.xctest"; sourceTree = BUILT_PRODUCTS_DIR; };
		1F7FBD5B2C0A7AA300D55941 /* TicTacToe_projUITests.swift */ = {isa = PBXFileReference; lastKnownFileType = sourcecode.swift; path = TicTacToe_projUITests.swift; sourceTree = "<group>"; };
		1F7FBD5D2C0A7AA300D55941 /* TicTacToe_projUITestsLaunchTests.swift */ = {isa = PBXFileReference; lastKnownFileType = sourcecode.swift; path = TicTacToe_projUITestsLaunchTests.swift; sourceTree = "<group>"; };
/* End PBXFileReference section */

/* Begin PBXFrameworksBuildPhase section */
		1F7FBD342C0A7AA100D55941 /* Frameworks */ = {
			isa = PBXFrameworksBuildPhase;
			buildActionMask = 2147483647;
			files = (
			);
			runOnlyForDeploymentPostprocessing = 0;
		};
		1F7FBD4A2C0A7AA300D55941 /* Frameworks */ = {
			isa = PBXFrameworksBuildPhase;
			buildActionMask = 2147483647;
			files = (
			);
			runOnlyForDeploymentPostprocessing = 0;
		};
		1F7FBD542C0A7AA300D55941 /* Frameworks */ = {
			isa = PBXFrameworksBuildPhase;
			buildActionMask = 2147483647;
			files = (
			);
			runOnlyForDeploymentPostprocessing = 0;
		};
/* End PBXFrameworksBuildPhase section */

/* Begin PBXGroup section */
		1F7FBD2E2C0A7AA100D55941 = {
			isa = PBXGroup;
			children = (
				1F7FBD392C0A7AA100D55941 /* TicTacToe proj */,
				1F7FBD502C0A7AA300D55941 /* TicTacToe projTests */,
				1F7FBD5A2C0A7AA300D55941 /* TicTacToe projUITests */,
				1F7FBD382C0A7AA100D55941 /* Products */,
			);
			sourceTree = "<group>";
		};
		1F7FBD382C0A7AA100D55941 /* Products */ = {
			isa = PBXGroup;
			children = (
				1F7FBD372C0A7AA100D55941 /* TicTacToe proj.app */,
				1F7FBD4D2C0A7AA300D55941 /* TicTacToe projTests.xctest */,
				1F7FBD572C0A7AA300D55941 /* TicTacToe projUITests.xctest */,
			);
			name = Products;
			sourceTree = "<group>";
		};
		1F7FBD392C0A7AA100D55941 /* TicTacToe proj */ = {
			isa = PBXGroup;
			children = (
				1F7FBD3A2C0A7AA100D55941 /* AppDelegate.swift */,
				1F7FBD3C2C0A7AA100D55941 /* SceneDelegate.swift */,
				1F7FBD3E2C0A7AA100D55941 /* ViewController.swift */,
				1F7FBD402C0A7AA100D55941 /* Main.storyboard */,
				1F7FBD432C0A7AA300D55941 /* Assets.xcassets */,
				1F7FBD452C0A7AA300D55941 /* LaunchScreen.storyboard */,
				1F7FBD482C0A7AA300D55941 /* Info.plist */,
			);
			path = "TicTacToe proj";
			sourceTree = "<group>";
		};
		1F7FBD502C0A7AA300D55941 /* TicTacToe projTests */ = {
			isa = PBXGroup;
			children = (
				1F7FBD512C0A7AA300D55941 /* TicTacToe_projTests.swift */,
			);
			path = "TicTacToe projTests";
			sourceTree = "<group>";
		};
		1F7FBD5A2C0A7AA300D55941 /* TicTacToe projUITests */ = {
			isa = PBXGroup;
			children = (
				1F7FBD5B2C0A7AA300D55941 /* TicTacToe_projUITests.swift */,
				1F7FBD5D2C0A7AA300D55941 /* TicTacToe_projUITestsLaunchTests.swift */,
			);
			path = "TicTacToe projUITests";
			sourceTree = "<group>";
		};
/* End PBXGroup section */

/* Begin PBXNativeTarget section */
		1F7FBD362C0A7AA100D55941 /* TicTacToe proj */ = {
			isa = PBXNativeTarget;
			buildConfigurationList = 1F7FBD612C0A7AA300D55941 /* Build configuration list for PBXNativeTarget "TicTacToe proj" */;
			buildPhases = (
				1F7FBD332C0A7AA100D55941 /* Sources */,
				1F7FBD342C0A7AA100D55941 /* Frameworks */,
				1F7FBD352C0A7AA100D55941 /* Resources */,
			);
			buildRules = (
			);
			dependencies = (
			);
			name = "TicTacToe proj";
			productName = "TicTacToe proj";
			productReference = 1F7FBD372C0A7AA100D55941 /* TicTacToe proj.app */;
			productType = "com.apple.product-type.application";
		};
		1F7FBD4C2C0A7AA300D55941 /* TicTacToe projTests */ = {
			isa = PBXNativeTarget;
			buildConfigurationList = 1F7FBD642C0A7AA300D55941 /* Build configuration list for PBXNativeTarget "TicTacToe projTests" */;
			buildPhases = (
				1F7FBD492C0A7AA300D55941 /* Sources */,
				1F7FBD4A2C0A7AA300D55941 /* Frameworks */,
				1F7FBD4B2C0A7AA300D55941 /* Resources */,
			);
			buildRules = (
			);
			dependencies = (
				1F7FBD4F2C0A7AA300D55941 /* PBXTargetDependency */,
			);
			name = "TicTacToe projTests";
			productName = "TicTacToe projTests";
			productReference = 1F7FBD4D2C0A7AA300D55941 /* TicTacToe projTests.xctest */;
			productType = "com.apple.product-type.bundle.unit-test";
		};
		1F7FBD562C0A7AA300D55941 /* TicTacToe projUITests */ = {
			isa = PBXNativeTarget;
			buildConfigurationList = 1F7FBD672C0A7AA300D55941 /* Build configuration list for PBXNativeTarget "TicTacToe projUITests" */;
			buildPhases = (
				1F7FBD532C0A7AA300D55941 /* Sources */,
				1F7FBD542C0A7AA300D55941 /* Frameworks */,
				1F7FBD552C0A7AA300D55941 /* Resources */,
			);
			buildRules = (
			);
			dependencies = (
				1F7FBD592C0A7AA300D55941 /* PBXTargetDependency */,
			);
			name = "TicTacToe projUITests";
			productName = "TicTacToe projUITests";
			productReference = 1F7FBD572C0A7AA300D55941 /* TicTacToe projUITests.xctest */;
			productType = "com.apple.product-type.bundle.ui-testing";
		};
/* End PBXNativeTarget section */

/* Begin PBXProject section */
		1F7FBD2F2C0A7AA100D55941 /* Project object */ = {
			isa = PBXProject;
			attributes = {
				BuildIndependentTargetsInParallel = 1;
				LastSwiftUpdateCheck = 1540;
				LastUpgradeCheck = 1540;
				TargetAttributes = {
					1F7FBD362C0A7AA100D55941 = {
						CreatedOnToolsVersion = 15.4;
					};
					1F7FBD4C2C0A7AA300D55941 = {
						CreatedOnToolsVersion = 15.4;
						TestTargetID = 1F7FBD362C0A7AA100D55941;
					};
					1F7FBD562C0A7AA300D55941 = {
						CreatedOnToolsVersion = 15.4;
						TestTargetID = 1F7FBD362C0A7AA100D55941;
					};
				};
			};
			buildConfigurationList = 1F7FBD322C0A7AA100D55941 /* Build configuration list for PBXProject "TicTacToe proj" */;
			compatibilityVersion = "Xcode 14.0";
			developmentRegion = en;
			hasScannedForEncodings = 0;
			knownRegions = (
				en,
				Base,
			);
			mainGroup = 1F7FBD2E2C0A7AA100D55941;
			productRefGroup = 1F7FBD382C0A7AA100D55941 /* Products */;
			projectDirPath = "";
			projectRoot = "";
			targets = (
				1F7FBD362C0A7AA100D55941 /* TicTacToe proj */,
				1F7FBD4C2C0A7AA300D55941 /* TicTacToe projTests */,
				1F7FBD562C0A7AA300D55941 /* TicTacToe projUITests */,
			);
		};
/* End PBXProject section */

/* Begin PBXResourcesBuildPhase section */
		1F7FBD352C0A7AA100D55941 /* Resources */ = {
			isa = PBXResourcesBuildPhase;
			buildActionMask = 2147483647;
			files = (
				1F7FBD442C0A7AA300D55941 /* Assets.xcassets in Resources */,
				1F7FBD472C0A7AA300D55941 /* Base in Resources */,
				1F7FBD422C0A7AA100D55941 /* Base in Resources */,
			);
			runOnlyForDeploymentPostprocessing = 0;
		};
		1F7FBD4B2C0A7AA300D55941 /* Resources */ = {
			isa = PBXResourcesBuildPhase;
			buildActionMask = 2147483647;
			files = (
			);
			runOnlyForDeploymentPostprocessing = 0;
		};
		1F7FBD552C0A7AA300D55941 /* Resources */ = {
			isa = PBXResourcesBuildPhase;
			buildActionMask = 2147483647;
			files = (
			);
			runOnlyForDeploymentPostprocessing = 0;
		};
/* End PBXResourcesBuildPhase section */

/* Begin PBXSourcesBuildPhase section */
		1F7FBD332C0A7AA100D55941 /* Sources */ = {
			isa = PBXSourcesBuildPhase;
			buildActionMask = 2147483647;
			files = (
				1F7FBD3F2C0A7AA100D55941 /* ViewController.swift in Sources */,
				1F7FBD3B2C0A7AA100D55941 /* AppDelegate.swift in Sources */,
				1F7FBD3D2C0A7AA100D55941 /* SceneDelegate.swift in Sources */,
			);
			runOnlyForDeploymentPostprocessing = 0;
		};
		1F7FBD492C0A7AA300D55941 /* Sources */ = {
			isa = PBXSourcesBuildPhase;
			buildActionMask = 2147483647;
			files = (
				1F7FBD522C0A7AA300D55941 /* TicTacToe_projTests.swift in Sources */,
			);
			runOnlyForDeploymentPostprocessing = 0;
		};
		1F7FBD532C0A7AA300D55941 /* Sources */ = {
			isa = PBXSourcesBuildPhase;
			buildActionMask = 2147483647;
			files = (
				1F7FBD5E2C0A7AA300D55941 /* TicTacToe_projUITestsLaunchTests.swift in Sources */,
				1F7FBD5C2C0A7AA300D55941 /* TicTacToe_projUITests.swift in Sources */,
			);
			runOnlyForDeploymentPostprocessing = 0;
		};
/* End PBXSourcesBuildPhase section */

/* Begin PBXTargetDependency section */
		1F7FBD4F2C0A7AA300D55941 /* PBXTargetDependency */ = {
			isa = PBXTargetDependency;
			target = 1F7FBD362C0A7AA100D55941 /* TicTacToe proj */;
			targetProxy = 1F7FBD4E2C0A7AA300D55941 /* PBXContainerItemProxy */;
		};
		1F7FBD592C0A7AA300D55941 /* PBXTargetDependency */ = {
			isa = PBXTargetDependency;
			target = 1F7FBD362C0A7AA100D55941 /* TicTacToe proj */;
			targetProxy = 1F7FBD582C0A7AA300D55941 /* PBXContainerItemProxy */;
		};
/* End PBXTargetDependency section */

/* Begin PBXVariantGroup section */
		1F7FBD402C0A7AA100D55941 /* Main.storyboard */ = {
			isa = PBXVariantGroup;
			children = (
				1F7FBD412C0A7AA100D55941 /* Base */,
			);
			name = Main.storyboard;
			sourceTree = "<group>";
		};
		1F7FBD452C0A7AA300D55941 /* LaunchScreen.storyboard */ = {
			isa = PBXVariantGroup;
			children = (
				1F7FBD462C0A7AA300D55941 /* Base */,
			);
			name = LaunchScreen.storyboard;
			sourceTree = "<group>";
		};
/* End PBXVariantGroup section */

/* Begin XCBuildConfiguration section */
		1F7FBD5F2C0A7AA300D55941 /* Debug */ = {
			isa = XCBuildConfiguration;
			buildSettings = {
				ALWAYS_SEARCH_USER_PATHS = NO;
				ASSETCATALOG_COMPILER_GENERATE_SWIFT_ASSET_SYMBOL_EXTENSIONS = YES;
				CLANG_ANALYZER_NONNULL = YES;
				CLANG_ANALYZER_NUMBER_OBJECT_CONVERSION = YES_AGGRESSIVE;
				CLANG_CXX_LANGUAGE_STANDARD = "gnu++20";
				CLANG_ENABLE_MODULES = YES;
				CLANG_ENABLE_OBJC_ARC = YES;
				CLANG_ENABLE_OBJC_WEAK = YES;
				CLANG_WARN_BLOCK_CAPTURE_AUTORELEASING = YES;
				CLANG_WARN_BOOL_CONVERSION = YES;
				CLANG_WARN_COMMA = YES;
				CLANG_WARN_CONSTANT_CONVERSION = YES;
				CLANG_WARN_DEPRECATED_OBJC_IMPLEMENTATIONS = YES;
				CLANG_WARN_DIRECT_OBJC_ISA_USAGE = YES_ERROR;
				CLANG_WARN_DOCUMENTATION_COMMENTS = YES;
				CLANG_WARN_EMPTY_BODY = YES;
				CLANG_WARN_ENUM_CONVERSION = YES;
				CLANG_WARN_INFINITE_RECURSION = YES;
				CLANG_WARN_INT_CONVERSION = YES;
				CLANG_WARN_NON_LITERAL_NULL_CONVERSION = YES;
				CLANG_WARN_OBJC_IMPLICIT_RETAIN_SELF = YES;
				CLANG_WARN_OBJC_LITERAL_CONVERSION = YES;
				CLANG_WARN_OBJC_ROOT_CLASS = YES_ERROR;
				CLANG_WARN_QUOTED_INCLUDE_IN_FRAMEWORK_HEADER = YES;
				CLANG_WARN_RANGE_LOOP_ANALYSIS = YES;
				CLANG_WARN_STRICT_PROTOTYPES = YES;
				CLANG_WARN_SUSPICIOUS_MOVE = YES;
				CLANG_WARN_UNGUARDED_AVAILABILITY = YES_AGGRESSIVE;
				CLANG_WARN_UNREACHABLE_CODE = YES;
				CLANG_WARN__DUPLICATE_METHOD_MATCH = YES;
				COPY_PHASE_STRIP = NO;
				DEBUG_INFORMATION_FORMAT = dwarf;
				ENABLE_STRICT_OBJC_MSGSEND = YES;
				ENABLE_TESTABILITY = YES;
				ENABLE_USER_SCRIPT_SANDBOXING = YES;
				GCC_C_LANGUAGE_STANDARD = gnu17;
				GCC_DYNAMIC_NO_PIC = NO;
				GCC_NO_COMMON_BLOCKS = YES;
				GCC_OPTIMIZATION_LEVEL = 0;
				GCC_PREPROCESSOR_DEFINITIONS = (
					"DEBUG=1",
					"$(inherited)",
				);
				GCC_WARN_64_TO_32_BIT_CONVERSION = YES;
				GCC_WARN_ABOUT_RETURN_TYPE = YES_ERROR;
				GCC_WARN_UNDECLARED_SELECTOR = YES;
				GCC_WARN_UNINITIALIZED_AUTOS = YES_AGGRESSIVE;
				GCC_WARN_UNUSED_FUNCTION = YES;
				GCC_WARN_UNUSED_VARIABLE = YES;
				IPHONEOS_DEPLOYMENT_TARGET = 17.5;
				LOCALIZATION_PREFERS_STRING_CATALOGS = YES;
				MTL_ENABLE_DEBUG_INFO = INCLUDE_SOURCE;
				MTL_FAST_MATH = YES;
				ONLY_ACTIVE_ARCH = YES;
				SDKROOT = iphoneos;
				SWIFT_ACTIVE_COMPILATION_CONDITIONS = "DEBUG $(inherited)";
				SWIFT_OPTIMIZATION_LEVEL = "-Onone";
			};
			name = Debug;
		};
		1F7FBD602C0A7AA300D55941 /* Release */ = {
			isa = XCBuildConfiguration;
			buildSettings = {
				ALWAYS_SEARCH_USER_PATHS = NO;
				ASSETCATALOG_COMPILER_GENERATE_SWIFT_ASSET_SYMBOL_EXTENSIONS = YES;
				CLANG_ANALYZER_NONNULL = YES;
				CLANG_ANALYZER_NUMBER_OBJECT_CONVERSION = YES_AGGRESSIVE;
				CLANG_CXX_LANGUAGE_STANDARD = "gnu++20";
				CLANG_ENABLE_MODULES = YES;
				CLANG_ENABLE_OBJC_ARC = YES;
				CLANG_ENABLE_OBJC_WEAK = YES;
				CLANG_WARN_BLOCK_CAPTURE_AUTORELEASING = YES;
				CLANG_WARN_BOOL_CONVERSION = YES;
				CLANG_WARN_COMMA = YES;
				CLANG_WARN_CONSTANT_CONVERSION = YES;
				CLANG_WARN_DEPRECATED_OBJC_IMPLEMENTATIONS = YES;
				CLANG_WARN_DIRECT_OBJC_ISA_USAGE = YES_ERROR;
				CLANG_WARN_DOCUMENTATION_COMMENTS = YES;
				CLANG_WARN_EMPTY_BODY = YES;
				CLANG_WARN_ENUM_CONVERSION = YES;
				CLANG_WARN_INFINITE_RECURSION = YES;
				CLANG_WARN_INT_CONVERSION = YES;
				CLANG_WARN_NON_LITERAL_NULL_CONVERSION = YES;
				CLANG_WARN_OBJC_IMPLICIT_RETAIN_SELF = YES;
				CLANG_WARN_OBJC_LITERAL_CONVERSION = YES;
				CLANG_WARN_OBJC_ROOT_CLASS = YES_ERROR;
				CLANG_WARN_QUOTED_INCLUDE_IN_FRAMEWORK_HEADER = YES;
				CLANG_WARN_RANGE_LOOP_ANALYSIS = YES;
				CLANG_WARN_STRICT_PROTOTYPES = YES;
				CLANG_WARN_SUSPICIOUS_MOVE = YES;
				CLANG_WARN_UNGUARDED_AVAILABILITY = YES_AGGRESSIVE;
				CLANG_WARN_UNREACHABLE_CODE = YES;
				CLANG_WARN__DUPLICATE_METHOD_MATCH = YES;
				COPY_PHASE_STRIP = NO;
				DEBUG_INFORMATION_FORMAT = "dwarf-with-dsym";
				ENABLE_NS_ASSERTIONS = NO;
				ENABLE_STRICT_OBJC_MSGSEND = YES;
				ENABLE_USER_SCRIPT_SANDBOXING = YES;
				GCC_C_LANGUAGE_STANDARD = gnu17;
				GCC_NO_COMMON_BLOCKS = YES;
				GCC_WARN_64_TO_32_BIT_CONVERSION = YES;
				GCC_WARN_ABOUT_RETURN_TYPE = YES_ERROR;
				GCC_WARN_UNDECLARED_SELECTOR = YES;
				GCC_WARN_UNINITIALIZED_AUTOS = YES_AGGRESSIVE;
				GCC_WARN_UNUSED_FUNCTION = YES;
				GCC_WARN_UNUSED_VARIABLE = YES;
				IPHONEOS_DEPLOYMENT_TARGET = 17.5;
				LOCALIZATION_PREFERS_STRING_CATALOGS = YES;
				MTL_ENABLE_DEBUG_INFO = NO;
				MTL_FAST_MATH = YES;
				SDKROOT = iphoneos;
				SWIFT_COMPILATION_MODE = wholemodule;
				VALIDATE_PRODUCT = YES;
			};
			name = Release;
		};
		1F7FBD622C0A7AA300D55941 /* Debug */ = {
			isa = XCBuildConfiguration;
			buildSettings = {
				ASSETCATALOG_COMPILER_APPICON_NAME = AppIcon;
				ASSETCATALOG_COMPILER_GLOBAL_ACCENT_COLOR_NAME = AccentColor;
				CODE_SIGN_STYLE = Automatic;
				CURRENT_PROJECT_VERSION = 1;
				GENERATE_INFOPLIST_FILE = YES;
				INFOPLIST_FILE = "TicTacToe proj/Info.plist";
				INFOPLIST_KEY_UIApplicationSupportsIndirectInputEvents = YES;
				INFOPLIST_KEY_UILaunchStoryboardName = LaunchScreen;
				INFOPLIST_KEY_UIMainStoryboardFile = Main;
				INFOPLIST_KEY_UISupportedInterfaceOrientations_iPad = "UIInterfaceOrientationPortrait UIInterfaceOrientationPortraitUpsideDown UIInterfaceOrientationLandscapeLeft UIInterfaceOrientationLandscapeRight";
				INFOPLIST_KEY_UISupportedInterfaceOrientations_iPhone = "UIInterfaceOrientationPortrait UIInterfaceOrientationLandscapeLeft UIInterfaceOrientationLandscapeRight";
				LD_RUNPATH_SEARCH_PATHS = (
					"$(inherited)",
					"@executable_path/Frameworks",
				);
				MARKETING_VERSION = 1.0;
				PRODUCT_BUNDLE_IDENTIFIER = "dimash.TicTacToe-proj";
				PRODUCT_NAME = "$(TARGET_NAME)";
				SWIFT_EMIT_LOC_STRINGS = YES;
				SWIFT_VERSION = 5.0;
				TARGETED_DEVICE_FAMILY = "1,2";
			};
			name = Debug;
		};
		1F7FBD632C0A7AA300D55941 /* Release */ = {
			isa = XCBuildConfiguration;
			buildSettings = {
				ASSETCATALOG_COMPILER_APPICON_NAME = AppIcon;
				ASSETCATALOG_COMPILER_GLOBAL_ACCENT_COLOR_NAME = AccentColor;
				CODE_SIGN_STYLE = Automatic;
				CURRENT_PROJECT_VERSION = 1;
				GENERATE_INFOPLIST_FILE = YES;
				INFOPLIST_FILE = "TicTacToe proj/Info.plist";
				INFOPLIST_KEY_UIApplicationSupportsIndirectInputEvents = YES;
				INFOPLIST_KEY_UILaunchStoryboardName = LaunchScreen;
				INFOPLIST_KEY_UIMainStoryboardFile = Main;
				INFOPLIST_KEY_UISupportedInterfaceOrientations_iPad = "UIInterfaceOrientationPortrait UIInterfaceOrientationPortraitUpsideDown UIInterfaceOrientationLandscapeLeft UIInterfaceOrientationLandscapeRight";
				INFOPLIST_KEY_UISupportedInterfaceOrientations_iPhone = "UIInterfaceOrientationPortrait UIInterfaceOrientationLandscapeLeft UIInterfaceOrientationLandscapeRight";
				LD_RUNPATH_SEARCH_PATHS = (
					"$(inherited)",
					"@executable_path/Frameworks",
				);
				MARKETING_VERSION = 1.0;
				PRODUCT_BUNDLE_IDENTIFIER = "dimash.TicTacToe-proj";
				PRODUCT_NAME = "$(TARGET_NAME)";
				SWIFT_EMIT_LOC_STRINGS = YES;
				SWIFT_VERSION = 5.0;
				TARGETED_DEVICE_FAMILY = "1,2";
			};
			name = Release;
		};
		1F7FBD652C0A7AA300D55941 /* Debug */ = {
			isa = XCBuildConfiguration;
			buildSettings = {
				ALWAYS_EMBED_SWIFT_STANDARD_LIBRARIES = YES;
				BUNDLE_LOADER = "$(TEST_HOST)";
				CODE_SIGN_STYLE = Automatic;
				CURRENT_PROJECT_VERSION = 1;
				GENERATE_INFOPLIST_FILE = YES;
				IPHONEOS_DEPLOYMENT_TARGET = 17.5;
				MARKETING_VERSION = 1.0;
				PRODUCT_BUNDLE_IDENTIFIER = "dimash.TicTacToe-projTests";
				PRODUCT_NAME = "$(TARGET_NAME)";
				SWIFT_EMIT_LOC_STRINGS = NO;
				SWIFT_VERSION = 5.0;
				TARGETED_DEVICE_FAMILY = "1,2";
				TEST_HOST = "$(BUILT_PRODUCTS_DIR)/TicTacToe proj.app/$(BUNDLE_EXECUTABLE_FOLDER_PATH)/TicTacToe proj";
			};
			name = Debug;
		};
		1F7FBD662C0A7AA300D55941 /* Release */ = {
			isa = XCBuildConfiguration;
			buildSettings = {
				ALWAYS_EMBED_SWIFT_STANDARD_LIBRARIES = YES;
				BUNDLE_LOADER = "$(TEST_HOST)";
				CODE_SIGN_STYLE = Automatic;
				CURRENT_PROJECT_VERSION = 1;
				GENERATE_INFOPLIST_FILE = YES;
				IPHONEOS_DEPLOYMENT_TARGET = 17.5;
				MARKETING_VERSION = 1.0;
				PRODUCT_BUNDLE_IDENTIFIER = "dimash.TicTacToe-projTests";
				PRODUCT_NAME = "$(TARGET_NAME)";
				SWIFT_EMIT_LOC_STRINGS = NO;
				SWIFT_VERSION = 5.0;
				TARGETED_DEVICE_FAMILY = "1,2";
				TEST_HOST = "$(BUILT_PRODUCTS_DIR)/TicTacToe proj.app/$(BUNDLE_EXECUTABLE_FOLDER_PATH)/TicTacToe proj";
			};
			name = Release;
		};
		1F7FBD682C0A7AA300D55941 /* Debug */ = {
			isa = XCBuildConfiguration;
			buildSettings = {
				ALWAYS_EMBED_SWIFT_STANDARD_LIBRARIES = YES;
				CODE_SIGN_STYLE = Automatic;
				CURRENT_PROJECT_VERSION = 1;
				GENERATE_INFOPLIST_FILE = YES;
				MARKETING_VERSION = 1.0;
				PRODUCT_BUNDLE_IDENTIFIER = "dimash.TicTacToe-projUITests";
				PRODUCT_NAME = "$(TARGET_NAME)";
				SWIFT_EMIT_LOC_STRINGS = NO;
				SWIFT_VERSION = 5.0;
				TARGETED_DEVICE_FAMILY = "1,2";
				TEST_TARGET_NAME = "TicTacToe proj";
			};
			name = Debug;
		};
		1F7FBD692C0A7AA300D55941 /* Release */ = {
			isa = XCBuildConfiguration;
			buildSettings = {
				ALWAYS_EMBED_SWIFT_STANDARD_LIBRARIES = YES;
				CODE_SIGN_STYLE = Automatic;
				CURRENT_PROJECT_VERSION = 1;
				GENERATE_INFOPLIST_FILE = YES;
				MARKETING_VERSION = 1.0;
				PRODUCT_BUNDLE_IDENTIFIER = "dimash.TicTacToe-projUITests";
				PRODUCT_NAME = "$(TARGET_NAME)";
				SWIFT_EMIT_LOC_STRINGS = NO;
				SWIFT_VERSION = 5.0;
				TARGETED_DEVICE_FAMILY = "1,2";
				TEST_TARGET_NAME = "TicTacToe proj";
			};
			name = Release;
		};
/* End XCBuildConfiguration section */

/* Begin XCConfigurationList section */
		1F7FBD322C0A7AA100D55941 /* Build configuration list for PBXProject "TicTacToe proj" */ = {
			isa = XCConfigurationList;
			buildConfigurations = (
				1F7FBD5F2C0A7AA300D55941 /* Debug */,
				1F7FBD602C0A7AA300D55941 /* Release */,
			);
			defaultConfigurationIsVisible = 0;
			defaultConfigurationName = Release;
		};
		1F7FBD612C0A7AA300D55941 /* Build configuration list for PBXNativeTarget "TicTacToe proj" */ = {
			isa = XCConfigurationList;
			buildConfigurations = (
				1F7FBD622C0A7AA300D55941 /* Debug */,
				1F7FBD632C0A7AA300D55941 /* Release */,
			);
			defaultConfigurationIsVisible = 0;
			defaultConfigurationName = Release;
		};
		1F7FBD642C0A7AA300D55941 /* Build configuration list for PBXNativeTarget "TicTacToe projTests" */ = {
			isa = XCConfigurationList;
			buildConfigurations = (
				1F7FBD652C0A7AA300D55941 /* Debug */,
				1F7FBD662C0A7AA300D55941 /* Release */,
			);
			defaultConfigurationIsVisible = 0;
			defaultConfigurationName = Release;
		};
		1F7FBD672C0A7AA300D55941 /* Build configuration list for PBXNativeTarget "TicTacToe projUITests" */ = {
			isa = XCConfigurationList;
			buildConfigurations = (
				1F7FBD682C0A7AA300D55941 /* Debug */,
				1F7FBD692C0A7AA300D55941 /* Release */,
			);
			defaultConfigurationIsVisible = 0;
			defaultConfigurationName = Release;
		};
/* End XCConfigurationList section */
	};
	rootObject = 1F7FBD2F2C0A7AA100D55941 /* Project object */;
}
